
Microsoft Visual Studio Solution File, Format Version 12.00
# Visual Studio 15
VisualStudioVersion = 15.0.26730.3
MinimumVisualStudioVersion = 10.0.40219.1
Project("{FAE04EC0-301F-11D3-BF4B-00C04F79EFBC}") = "DemystifyTutorial", "DemystifyTutorial\DemystifyTutorial.csproj", "{3B7E529C-C6C8-4573-AC48-B4041D7ED51C}"
EndProject
Global
	GlobalSection(SolutionConfigurationPlatforms) = preSolution
		Debug|Any CPU = Debug|Any CPU
		Release|Any CPU = Release|Any CPU
	EndGlobalSection
	GlobalSection(ProjectConfigurationPlatforms) = postSolution
		{3B7E529C-C6C8-4573-AC48-B4041D7ED51C}.Debug|Any CPU.ActiveCfg = Debug|Any CPU
		{3B7E529C-C6C8-4573-AC48-B4041D7ED51C}.Debug|Any CPU.Build.0 = Debug|Any CPU
		{3B7E529C-C6C8-4573-AC48-B4041D7ED51C}.Release|Any CPU.ActiveCfg = Release|Any CPU
		{3B7E529C-C6C8-4573-AC48-B4041D7ED51C}.Release|Any CPU.Build.0 = Release|Any CPU
	EndGlobalSection
	GlobalSection(SolutionProperties) = preSolution
		HideSolutionNode = FALSE
	EndGlobalSection
	GlobalSection(ExtensibilityGlobals) = postSolution
		SolutionGuid = {F44EB1A2-709E-4C50-8ED8-A1716D3A40A8}
	EndGlobalSection
EndGlobal
